// !$*UTF8*$!
{
	archiveVersion = 1;
	classes = {
	};
	objectVersion = 56;
	objects = {

/* Begin PBXBuildFile section */
		7D2D703C6A0B9806754861E5 /* Pods_api_practice_api_practiceUITests.framework in Frameworks */ = {isa = PBXBuildFile; fileRef = FA41B436375AD14F20A0DD38 /* Pods_api_practice_api_practiceUITests.framework */; };
		95AF322EE6A0AD33C28AF4FB /* Pods_api_practiceTests.framework in Frameworks */ = {isa = PBXBuildFile; fileRef = 8D9AF7103FAD3FABC5AC5339 /* Pods_api_practiceTests.framework */; };
		987EDAC72A60E5270062D966 /* Server_POST.swift in Sources */ = {isa = PBXBuildFile; fileRef = 987EDAC62A60E5270062D966 /* Server_POST.swift */; };
		987EDAC92A60E5610062D966 /* Server_GET.swift in Sources */ = {isa = PBXBuildFile; fileRef = 987EDAC82A60E5610062D966 /* Server_GET.swift */; };
		987EDACD2A60E8EB0062D966 /* books_Realm.swift in Sources */ = {isa = PBXBuildFile; fileRef = 987EDACC2A60E8EB0062D966 /* books_Realm.swift */; };
		987EDACF2A60E9070062D966 /* books_Server.swift in Sources */ = {isa = PBXBuildFile; fileRef = 987EDACE2A60E9070062D966 /* books_Server.swift */; };
		987EDAD32A60EA920062D966 /* TitleList_View.swift in Sources */ = {isa = PBXBuildFile; fileRef = 987EDAD22A60EA920062D966 /* TitleList_View.swift */; };
		987EDAD52A60EC880062D966 /* Home_View.swift in Sources */ = {isa = PBXBuildFile; fileRef = 987EDAD42A60EC880062D966 /* Home_View.swift */; };
		987EDAD72A60ECED0062D966 /* POST_View.swift in Sources */ = {isa = PBXBuildFile; fileRef = 987EDAD62A60ECED0062D966 /* POST_View.swift */; };
		987EDAE52A690FF20062D966 /* Title_List_ObservalObject.swift in Sources */ = {isa = PBXBuildFile; fileRef = 987EDAE42A690FF20062D966 /* Title_List_ObservalObject.swift */; };
		987EDAE62A690FF20062D966 /* Title_List_ObservalObject.swift in Sources */ = {isa = PBXBuildFile; fileRef = 987EDAE42A690FF20062D966 /* Title_List_ObservalObject.swift */; };
		98967ABB2A60434A00028F54 /* Realm.swift in Sources */ = {isa = PBXBuildFile; fileRef = 98967ABA2A60434A00028F54 /* Realm.swift */; };
		98DBA9BE2A445DAE00BE72E6 /* api_practiceApp.swift in Sources */ = {isa = PBXBuildFile; fileRef = 98DBA9BD2A445DAE00BE72E6 /* api_practiceApp.swift */; };
		98DBA9C22A445DB100BE72E6 /* Assets.xcassets in Resources */ = {isa = PBXBuildFile; fileRef = 98DBA9C12A445DB100BE72E6 /* Assets.xcassets */; };
		98DBA9C52A445DB100BE72E6 /* Preview Assets.xcassets in Resources */ = {isa = PBXBuildFile; fileRef = 98DBA9C42A445DB100BE72E6 /* Preview Assets.xcassets */; };
		98DBA9CF2A445DB100BE72E6 /* api_practiceTests.swift in Sources */ = {isa = PBXBuildFile; fileRef = 98DBA9CE2A445DB100BE72E6 /* api_practiceTests.swift */; };
		98DBA9D92A445DB100BE72E6 /* api_practiceUITests.swift in Sources */ = {isa = PBXBuildFile; fileRef = 98DBA9D82A445DB100BE72E6 /* api_practiceUITests.swift */; };
		98DBA9DB2A445DB100BE72E6 /* api_practiceUITestsLaunchTests.swift in Sources */ = {isa = PBXBuildFile; fileRef = 98DBA9DA2A445DB100BE72E6 /* api_practiceUITestsLaunchTests.swift */; };
		B76D9A35A129D70E4AC43273 /* Pods_api_practice.framework in Frameworks */ = {isa = PBXBuildFile; fileRef = 2D0BD33E106A1E061ED918C3 /* Pods_api_practice.framework */; };
/* End PBXBuildFile section */

/* Begin PBXContainerItemProxy section */
		98DBA9CB2A445DB100BE72E6 /* PBXContainerItemProxy */ = {
			isa = PBXContainerItemProxy;
			containerPortal = 98DBA9B22A445DAE00BE72E6 /* Project object */;
			proxyType = 1;
			remoteGlobalIDString = 98DBA9B92A445DAE00BE72E6;
			remoteInfo = api_practice;
		};
		98DBA9D52A445DB100BE72E6 /* PBXContainerItemProxy */ = {
			isa = PBXContainerItemProxy;
			containerPortal = 98DBA9B22A445DAE00BE72E6 /* Project object */;
			proxyType = 1;
			remoteGlobalIDString = 98DBA9B92A445DAE00BE72E6;
			remoteInfo = api_practice;
		};
/* End PBXContainerItemProxy section */

/* Begin PBXFileReference section */
		0E7C2E20AEAFF520EEDFAA80 /* Pods-api_practice.release.xcconfig */ = {isa = PBXFileReference; includeInIndex = 1; lastKnownFileType = text.xcconfig; name = "Pods-api_practice.release.xcconfig"; path = "Target Support Files/Pods-api_practice/Pods-api_practice.release.xcconfig"; sourceTree = "<group>"; };
		2D0BD33E106A1E061ED918C3 /* Pods_api_practice.framework */ = {isa = PBXFileReference; explicitFileType = wrapper.framework; includeInIndex = 0; path = Pods_api_practice.framework; sourceTree = BUILT_PRODUCTS_DIR; };
		33C7BD22AF3F1452555666E3 /* Pods-api_practice-api_practiceUITests.debug.xcconfig */ = {isa = PBXFileReference; includeInIndex = 1; lastKnownFileType = text.xcconfig; name = "Pods-api_practice-api_practiceUITests.debug.xcconfig"; path = "Target Support Files/Pods-api_practice-api_practiceUITests/Pods-api_practice-api_practiceUITests.debug.xcconfig"; sourceTree = "<group>"; };
		381A0D5FF15F1CFE14D91209 /* Pods-api_practice.debug.xcconfig */ = {isa = PBXFileReference; includeInIndex = 1; lastKnownFileType = text.xcconfig; name = "Pods-api_practice.debug.xcconfig"; path = "Target Support Files/Pods-api_practice/Pods-api_practice.debug.xcconfig"; sourceTree = "<group>"; };
		77535CA115F436C3C84DFDA5 /* Pods-api_practiceTests.release.xcconfig */ = {isa = PBXFileReference; includeInIndex = 1; lastKnownFileType = text.xcconfig; name = "Pods-api_practiceTests.release.xcconfig"; path = "Target Support Files/Pods-api_practiceTests/Pods-api_practiceTests.release.xcconfig"; sourceTree = "<group>"; };
		8D9AF7103FAD3FABC5AC5339 /* Pods_api_practiceTests.framework */ = {isa = PBXFileReference; explicitFileType = wrapper.framework; includeInIndex = 0; path = Pods_api_practiceTests.framework; sourceTree = BUILT_PRODUCTS_DIR; };
		987EDAC62A60E5270062D966 /* Server_POST.swift */ = {isa = PBXFileReference; lastKnownFileType = sourcecode.swift; path = Server_POST.swift; sourceTree = "<group>"; };
		987EDAC82A60E5610062D966 /* Server_GET.swift */ = {isa = PBXFileReference; lastKnownFileType = sourcecode.swift; path = Server_GET.swift; sourceTree = "<group>"; };
		987EDACC2A60E8EB0062D966 /* books_Realm.swift */ = {isa = PBXFileReference; lastKnownFileType = sourcecode.swift; path = books_Realm.swift; sourceTree = "<group>"; };
		987EDACE2A60E9070062D966 /* books_Server.swift */ = {isa = PBXFileReference; lastKnownFileType = sourcecode.swift; path = books_Server.swift; sourceTree = "<group>"; };
		987EDAD22A60EA920062D966 /* TitleList_View.swift */ = {isa = PBXFileReference; lastKnownFileType = sourcecode.swift; path = TitleList_View.swift; sourceTree = "<group>"; };
		987EDAD42A60EC880062D966 /* Home_View.swift */ = {isa = PBXFileReference; lastKnownFileType = sourcecode.swift; path = Home_View.swift; sourceTree = "<group>"; };
		987EDAD62A60ECED0062D966 /* POST_View.swift */ = {isa = PBXFileReference; lastKnownFileType = sourcecode.swift; path = POST_View.swift; sourceTree = "<group>"; };
		987EDAE42A690FF20062D966 /* Title_List_ObservalObject.swift */ = {isa = PBXFileReference; lastKnownFileType = sourcecode.swift; path = Title_List_ObservalObject.swift; sourceTree = "<group>"; };
		98967ABA2A60434A00028F54 /* Realm.swift */ = {isa = PBXFileReference; lastKnownFileType = sourcecode.swift; path = Realm.swift; sourceTree = "<group>"; };
		98DBA9BA2A445DAE00BE72E6 /* api_practice.app */ = {isa = PBXFileReference; explicitFileType = wrapper.application; includeInIndex = 0; path = api_practice.app; sourceTree = BUILT_PRODUCTS_DIR; };
		98DBA9BD2A445DAE00BE72E6 /* api_practiceApp.swift */ = {isa = PBXFileReference; lastKnownFileType = sourcecode.swift; path = api_practiceApp.swift; sourceTree = "<group>"; };
		98DBA9C12A445DB100BE72E6 /* Assets.xcassets */ = {isa = PBXFileReference; lastKnownFileType = folder.assetcatalog; path = Assets.xcassets; sourceTree = "<group>"; };
		98DBA9C42A445DB100BE72E6 /* Preview Assets.xcassets */ = {isa = PBXFileReference; lastKnownFileType = folder.assetcatalog; path = "Preview Assets.xcassets"; sourceTree = "<group>"; };
		98DBA9CA2A445DB100BE72E6 /* api_practiceTests.xctest */ = {isa = PBXFileReference; explicitFileType = wrapper.cfbundle; includeInIndex = 0; path = api_practiceTests.xctest; sourceTree = BUILT_PRODUCTS_DIR; };
		98DBA9CE2A445DB100BE72E6 /* api_practiceTests.swift */ = {isa = PBXFileReference; lastKnownFileType = sourcecode.swift; path = api_practiceTests.swift; sourceTree = "<group>"; };
		98DBA9D42A445DB100BE72E6 /* api_practiceUITests.xctest */ = {isa = PBXFileReference; explicitFileType = wrapper.cfbundle; includeInIndex = 0; path = api_practiceUITests.xctest; sourceTree = BUILT_PRODUCTS_DIR; };
		98DBA9D82A445DB100BE72E6 /* api_practiceUITests.swift */ = {isa = PBXFileReference; lastKnownFileType = sourcecode.swift; path = api_practiceUITests.swift; sourceTree = "<group>"; };
		98DBA9DA2A445DB100BE72E6 /* api_practiceUITestsLaunchTests.swift */ = {isa = PBXFileReference; lastKnownFileType = sourcecode.swift; path = api_practiceUITestsLaunchTests.swift; sourceTree = "<group>"; };
		C5D0D2B2140AE3B694694104 /* Pods-api_practiceTests.debug.xcconfig */ = {isa = PBXFileReference; includeInIndex = 1; lastKnownFileType = text.xcconfig; name = "Pods-api_practiceTests.debug.xcconfig"; path = "Target Support Files/Pods-api_practiceTests/Pods-api_practiceTests.debug.xcconfig"; sourceTree = "<group>"; };
		C68F933863FFE3FF9A16519B /* Pods-api_practice-api_practiceUITests.release.xcconfig */ = {isa = PBXFileReference; includeInIndex = 1; lastKnownFileType = text.xcconfig; name = "Pods-api_practice-api_practiceUITests.release.xcconfig"; path = "Target Support Files/Pods-api_practice-api_practiceUITests/Pods-api_practice-api_practiceUITests.release.xcconfig"; sourceTree = "<group>"; };
		FA41B436375AD14F20A0DD38 /* Pods_api_practice_api_practiceUITests.framework */ = {isa = PBXFileReference; explicitFileType = wrapper.framework; includeInIndex = 0; path = Pods_api_practice_api_practiceUITests.framework; sourceTree = BUILT_PRODUCTS_DIR; };
/* End PBXFileReference section */

/* Begin PBXFrameworksBuildPhase section */
		98DBA9B72A445DAE00BE72E6 /* Frameworks */ = {
			isa = PBXFrameworksBuildPhase;
			buildActionMask = 2147483647;
			files = (
				B76D9A35A129D70E4AC43273 /* Pods_api_practice.framework in Frameworks */,
			);
			runOnlyForDeploymentPostprocessing = 0;
		};
		98DBA9C72A445DB100BE72E6 /* Frameworks */ = {
			isa = PBXFrameworksBuildPhase;
			buildActionMask = 2147483647;
			files = (
				95AF322EE6A0AD33C28AF4FB /* Pods_api_practiceTests.framework in Frameworks */,
			);
			runOnlyForDeploymentPostprocessing = 0;
		};
		98DBA9D12A445DB100BE72E6 /* Frameworks */ = {
			isa = PBXFrameworksBuildPhase;
			buildActionMask = 2147483647;
			files = (
				7D2D703C6A0B9806754861E5 /* Pods_api_practice_api_practiceUITests.framework in Frameworks */,
			);
			runOnlyForDeploymentPostprocessing = 0;
		};
/* End PBXFrameworksBuildPhase section */

/* Begin PBXGroup section */
		402FCD015A1E9D3A2A0A0D68 /* Frameworks */ = {
			isa = PBXGroup;
			children = (
				2D0BD33E106A1E061ED918C3 /* Pods_api_practice.framework */,
				FA41B436375AD14F20A0DD38 /* Pods_api_practice_api_practiceUITests.framework */,
				8D9AF7103FAD3FABC5AC5339 /* Pods_api_practiceTests.framework */,
			);
			name = Frameworks;
			sourceTree = "<group>";
		};
		98967ABE2A60E0A400028F54 /* Table */ = {
			isa = PBXGroup;
			children = (
				987EDACC2A60E8EB0062D966 /* books_Realm.swift */,
				987EDACE2A60E9070062D966 /* books_Server.swift */,
			);
			path = Table;
			sourceTree = "<group>";
		};
		98967ABF2A60E0CD00028F54 /* View */ = {
			isa = PBXGroup;
			children = (
				987EDAE42A690FF20062D966 /* Title_List_ObservalObject.swift */,
				987EDAD42A60EC880062D966 /* Home_View.swift */,
				987EDAD22A60EA920062D966 /* TitleList_View.swift */,
				987EDAD62A60ECED0062D966 /* POST_View.swift */,
			);
			path = View;
			sourceTree = "<group>";
		};
		98967AC02A60E0E800028F54 /* API */ = {
			isa = PBXGroup;
			children = (
				987EDAC82A60E5610062D966 /* Server_GET.swift */,
				987EDAC62A60E5270062D966 /* Server_POST.swift */,
				98967ABA2A60434A00028F54 /* Realm.swift */,
			);
			path = API;
			sourceTree = "<group>";
		};
		98DBA9B12A445DAE00BE72E6 = {
			isa = PBXGroup;
			children = (
				98DBA9BC2A445DAE00BE72E6 /* api_practice */,
				98DBA9CD2A445DB100BE72E6 /* api_practiceTests */,
				98DBA9D72A445DB100BE72E6 /* api_practiceUITests */,
				98DBA9BB2A445DAE00BE72E6 /* Products */,
				F9DF039F8585D31824B8597B /* Pods */,
				402FCD015A1E9D3A2A0A0D68 /* Frameworks */,
			);
			sourceTree = "<group>";
		};
		98DBA9BB2A445DAE00BE72E6 /* Products */ = {
			isa = PBXGroup;
			children = (
				98DBA9BA2A445DAE00BE72E6 /* api_practice.app */,
				98DBA9CA2A445DB100BE72E6 /* api_practiceTests.xctest */,
				98DBA9D42A445DB100BE72E6 /* api_practiceUITests.xctest */,
			);
			name = Products;
			sourceTree = "<group>";
		};
		98DBA9BC2A445DAE00BE72E6 /* api_practice */ = {
			isa = PBXGroup;
			children = (
				98DBA9BD2A445DAE00BE72E6 /* api_practiceApp.swift */,
				98967AC02A60E0E800028F54 /* API */,
				98967ABE2A60E0A400028F54 /* Table */,
				98967ABF2A60E0CD00028F54 /* View */,
				98DBA9C32A445DB100BE72E6 /* Preview Content */,
			);
			path = api_practice;
			sourceTree = "<group>";
		};
		98DBA9C32A445DB100BE72E6 /* Preview Content */ = {
			isa = PBXGroup;
			children = (
				98DBA9C12A445DB100BE72E6 /* Assets.xcassets */,
				98DBA9C42A445DB100BE72E6 /* Preview Assets.xcassets */,
			);
			path = "Preview Content";
			sourceTree = "<group>";
		};
		98DBA9CD2A445DB100BE72E6 /* api_practiceTests */ = {
			isa = PBXGroup;
			children = (
				98DBA9CE2A445DB100BE72E6 /* api_practiceTests.swift */,
			);
			path = api_practiceTests;
			sourceTree = "<group>";
		};
		98DBA9D72A445DB100BE72E6 /* api_practiceUITests */ = {
			isa = PBXGroup;
			children = (
				98DBA9D82A445DB100BE72E6 /* api_practiceUITests.swift */,
				98DBA9DA2A445DB100BE72E6 /* api_practiceUITestsLaunchTests.swift */,
			);
			path = api_practiceUITests;
			sourceTree = "<group>";
			wrapsLines = 1;
		};
		F9DF039F8585D31824B8597B /* Pods */ = {
			isa = PBXGroup;
			children = (
				381A0D5FF15F1CFE14D91209 /* Pods-api_practice.debug.xcconfig */,
				0E7C2E20AEAFF520EEDFAA80 /* Pods-api_practice.release.xcconfig */,
				33C7BD22AF3F1452555666E3 /* Pods-api_practice-api_practiceUITests.debug.xcconfig */,
				C68F933863FFE3FF9A16519B /* Pods-api_practice-api_practiceUITests.release.xcconfig */,
				C5D0D2B2140AE3B694694104 /* Pods-api_practiceTests.debug.xcconfig */,
				77535CA115F436C3C84DFDA5 /* Pods-api_practiceTests.release.xcconfig */,
			);
			path = Pods;
			sourceTree = "<group>";
		};
/* End PBXGroup section */

/* Begin PBXNativeTarget section */
		98DBA9B92A445DAE00BE72E6 /* api_practice */ = {
			isa = PBXNativeTarget;
			buildConfigurationList = 98DBA9DE2A445DB100BE72E6 /* Build configuration list for PBXNativeTarget "api_practice" */;
			buildPhases = (
				86B57E8465179B54DBCED7DF /* [CP] Check Pods Manifest.lock */,
				98DBA9B62A445DAE00BE72E6 /* Sources */,
				98DBA9B72A445DAE00BE72E6 /* Frameworks */,
				98DBA9B82A445DAE00BE72E6 /* Resources */,
				2365BD9C3B2272363FCBE367 /* [CP] Embed Pods Frameworks */,
			);
			buildRules = (
			);
			dependencies = (
			);
			name = api_practice;
			productName = api_practice;
			productReference = 98DBA9BA2A445DAE00BE72E6 /* api_practice.app */;
			productType = "com.apple.product-type.application";
		};
		98DBA9C92A445DB100BE72E6 /* api_practiceTests */ = {
			isa = PBXNativeTarget;
			buildConfigurationList = 98DBA9E12A445DB100BE72E6 /* Build configuration list for PBXNativeTarget "api_practiceTests" */;
			buildPhases = (
				1030437927292931749BE229 /* [CP] Check Pods Manifest.lock */,
				98DBA9C62A445DB100BE72E6 /* Sources */,
				98DBA9C72A445DB100BE72E6 /* Frameworks */,
				98DBA9C82A445DB100BE72E6 /* Resources */,
			);
			buildRules = (
			);
			dependencies = (
				98DBA9CC2A445DB100BE72E6 /* PBXTargetDependency */,
			);
			name = api_practiceTests;
			productName = api_practiceTests;
			productReference = 98DBA9CA2A445DB100BE72E6 /* api_practiceTests.xctest */;
			productType = "com.apple.product-type.bundle.unit-test";
		};
		98DBA9D32A445DB100BE72E6 /* api_practiceUITests */ = {
			isa = PBXNativeTarget;
			buildConfigurationList = 98DBA9E42A445DB100BE72E6 /* Build configuration list for PBXNativeTarget "api_practiceUITests" */;
			buildPhases = (
				F86E147F04907A4DF3A0BB82 /* [CP] Check Pods Manifest.lock */,
				98DBA9D02A445DB100BE72E6 /* Sources */,
				98DBA9D12A445DB100BE72E6 /* Frameworks */,
				98DBA9D22A445DB100BE72E6 /* Resources */,
				9F54C2C09EAD566CF097CA54 /* [CP] Embed Pods Frameworks */,
			);
			buildRules = (
			);
			dependencies = (
				98DBA9D62A445DB100BE72E6 /* PBXTargetDependency */,
			);
			name = api_practiceUITests;
			productName = api_practiceUITests;
			productReference = 98DBA9D42A445DB100BE72E6 /* api_practiceUITests.xctest */;
			productType = "com.apple.product-type.bundle.ui-testing";
		};
/* End PBXNativeTarget section */

/* Begin PBXProject section */
		98DBA9B22A445DAE00BE72E6 /* Project object */ = {
			isa = PBXProject;
			attributes = {
				BuildIndependentTargetsInParallel = 1;
				LastSwiftUpdateCheck = 1430;
				LastUpgradeCheck = 1430;
				TargetAttributes = {
					98DBA9B92A445DAE00BE72E6 = {
						CreatedOnToolsVersion = 14.3;
					};
					98DBA9C92A445DB100BE72E6 = {
						CreatedOnToolsVersion = 14.3;
						TestTargetID = 98DBA9B92A445DAE00BE72E6;
					};
					98DBA9D32A445DB100BE72E6 = {
						CreatedOnToolsVersion = 14.3;
						TestTargetID = 98DBA9B92A445DAE00BE72E6;
					};
				};
			};
			buildConfigurationList = 98DBA9B52A445DAE00BE72E6 /* Build configuration list for PBXProject "api_practice" */;
			compatibilityVersion = "Xcode 14.0";
			developmentRegion = en;
			hasScannedForEncodings = 0;
			knownRegions = (
				en,
				Base,
			);
			mainGroup = 98DBA9B12A445DAE00BE72E6;
			productRefGroup = 98DBA9BB2A445DAE00BE72E6 /* Products */;
			projectDirPath = "";
			projectRoot = "";
			targets = (
				98DBA9B92A445DAE00BE72E6 /* api_practice */,
				98DBA9C92A445DB100BE72E6 /* api_practiceTests */,
				98DBA9D32A445DB100BE72E6 /* api_practiceUITests */,
			);
		};
/* End PBXProject section */

/* Begin PBXResourcesBuildPhase section */
		98DBA9B82A445DAE00BE72E6 /* Resources */ = {
			isa = PBXResourcesBuildPhase;
			buildActionMask = 2147483647;
			files = (
				98DBA9C52A445DB100BE72E6 /* Preview Assets.xcassets in Resources */,
				98DBA9C22A445DB100BE72E6 /* Assets.xcassets in Resources */,
			);
			runOnlyForDeploymentPostprocessing = 0;
		};
		98DBA9C82A445DB100BE72E6 /* Resources */ = {
			isa = PBXResourcesBuildPhase;
			buildActionMask = 2147483647;
			files = (
			);
			runOnlyForDeploymentPostprocessing = 0;
		};
		98DBA9D22A445DB100BE72E6 /* Resources */ = {
			isa = PBXResourcesBuildPhase;
			buildActionMask = 2147483647;
			files = (
			);
			runOnlyForDeploymentPostprocessing = 0;
		};
/* End PBXResourcesBuildPhase section */

/* Begin PBXShellScriptBuildPhase section */
		1030437927292931749BE229 /* [CP] Check Pods Manifest.lock */ = {
			isa = PBXShellScriptBuildPhase;
			buildActionMask = 2147483647;
			files = (
			);
			inputFileListPaths = (
			);
			inputPaths = (
				"${PODS_PODFILE_DIR_PATH}/Podfile.lock",
				"${PODS_ROOT}/Manifest.lock",
			);
			name = "[CP] Check Pods Manifest.lock";
			outputFileListPaths = (
			);
			outputPaths = (
				"$(DERIVED_FILE_DIR)/Pods-api_practiceTests-checkManifestLockResult.txt",
			);
			runOnlyForDeploymentPostprocessing = 0;
			shellPath = /bin/sh;
			shellScript = "diff \"${PODS_PODFILE_DIR_PATH}/Podfile.lock\" \"${PODS_ROOT}/Manifest.lock\" > /dev/null\nif [ $? != 0 ] ; then\n    # print error to STDERR\n    echo \"error: The sandbox is not in sync with the Podfile.lock. Run 'pod install' or update your CocoaPods installation.\" >&2\n    exit 1\nfi\n# This output is used by Xcode 'outputs' to avoid re-running this script phase.\necho \"SUCCESS\" > \"${SCRIPT_OUTPUT_FILE_0}\"\n";
			showEnvVarsInLog = 0;
		};
		2365BD9C3B2272363FCBE367 /* [CP] Embed Pods Frameworks */ = {
			isa = PBXShellScriptBuildPhase;
			buildActionMask = 2147483647;
			files = (
			);
			inputFileListPaths = (
				"${PODS_ROOT}/Target Support Files/Pods-api_practice/Pods-api_practice-frameworks-${CONFIGURATION}-input-files.xcfilelist",
			);
			name = "[CP] Embed Pods Frameworks";
			outputFileListPaths = (
				"${PODS_ROOT}/Target Support Files/Pods-api_practice/Pods-api_practice-frameworks-${CONFIGURATION}-output-files.xcfilelist",
			);
			runOnlyForDeploymentPostprocessing = 0;
			shellPath = /bin/sh;
			shellScript = "\"${PODS_ROOT}/Target Support Files/Pods-api_practice/Pods-api_practice-frameworks.sh\"\n";
			showEnvVarsInLog = 0;
		};
		86B57E8465179B54DBCED7DF /* [CP] Check Pods Manifest.lock */ = {
			isa = PBXShellScriptBuildPhase;
			buildActionMask = 2147483647;
			files = (
			);
			inputFileListPaths = (
			);
			inputPaths = (
				"${PODS_PODFILE_DIR_PATH}/Podfile.lock",
				"${PODS_ROOT}/Manifest.lock",
			);
			name = "[CP] Check Pods Manifest.lock";
			outputFileListPaths = (
			);
			outputPaths = (
				"$(DERIVED_FILE_DIR)/Pods-api_practice-checkManifestLockResult.txt",
			);
			runOnlyForDeploymentPostprocessing = 0;
			shellPath = /bin/sh;
			shellScript = "diff \"${PODS_PODFILE_DIR_PATH}/Podfile.lock\" \"${PODS_ROOT}/Manifest.lock\" > /dev/null\nif [ $? != 0 ] ; then\n    # print error to STDERR\n    echo \"error: The sandbox is not in sync with the Podfile.lock. Run 'pod install' or update your CocoaPods installation.\" >&2\n    exit 1\nfi\n# This output is used by Xcode 'outputs' to avoid re-running this script phase.\necho \"SUCCESS\" > \"${SCRIPT_OUTPUT_FILE_0}\"\n";
			showEnvVarsInLog = 0;
		};
		9F54C2C09EAD566CF097CA54 /* [CP] Embed Pods Frameworks */ = {
			isa = PBXShellScriptBuildPhase;
			buildActionMask = 2147483647;
			files = (
			);
			inputFileListPaths = (
				"${PODS_ROOT}/Target Support Files/Pods-api_practice-api_practiceUITests/Pods-api_practice-api_practiceUITests-frameworks-${CONFIGURATION}-input-files.xcfilelist",
			);
			name = "[CP] Embed Pods Frameworks";
			outputFileListPaths = (
				"${PODS_ROOT}/Target Support Files/Pods-api_practice-api_practiceUITests/Pods-api_practice-api_practiceUITests-frameworks-${CONFIGURATION}-output-files.xcfilelist",
			);
			runOnlyForDeploymentPostprocessing = 0;
			shellPath = /bin/sh;
			shellScript = "\"${PODS_ROOT}/Target Support Files/Pods-api_practice-api_practiceUITests/Pods-api_practice-api_practiceUITests-frameworks.sh\"\n";
			showEnvVarsInLog = 0;
		};
		F86E147F04907A4DF3A0BB82 /* [CP] Check Pods Manifest.lock */ = {
			isa = PBXShellScriptBuildPhase;
			buildActionMask = 2147483647;
			files = (
			);
			inputFileListPaths = (
			);
			inputPaths = (
				"${PODS_PODFILE_DIR_PATH}/Podfile.lock",
				"${PODS_ROOT}/Manifest.lock",
			);
			name = "[CP] Check Pods Manifest.lock";
			outputFileListPaths = (
			);
			outputPaths = (
				"$(DERIVED_FILE_DIR)/Pods-api_practice-api_practiceUITests-checkManifestLockResult.txt",
			);
			runOnlyForDeploymentPostprocessing = 0;
			shellPath = /bin/sh;
			shellScript = "diff \"${PODS_PODFILE_DIR_PATH}/Podfile.lock\" \"${PODS_ROOT}/Manifest.lock\" > /dev/null\nif [ $? != 0 ] ; then\n    # print error to STDERR\n    echo \"error: The sandbox is not in sync with the Podfile.lock. Run 'pod install' or update your CocoaPods installation.\" >&2\n    exit 1\nfi\n# This output is used by Xcode 'outputs' to avoid re-running this script phase.\necho \"SUCCESS\" > \"${SCRIPT_OUTPUT_FILE_0}\"\n";
			showEnvVarsInLog = 0;
		};
/* End PBXShellScriptBuildPhase section */

/* Begin PBXSourcesBuildPhase section */
		98DBA9B62A445DAE00BE72E6 /* Sources */ = {
			isa = PBXSourcesBuildPhase;
			buildActionMask = 2147483647;
			files = (
				987EDACD2A60E8EB0062D966 /* books_Realm.swift in Sources */,
				987EDAD52A60EC880062D966 /* Home_View.swift in Sources */,
				98DBA9BE2A445DAE00BE72E6 /* api_practiceApp.swift in Sources */,
				987EDAC92A60E5610062D966 /* Server_GET.swift in Sources */,
				987EDACF2A60E9070062D966 /* books_Server.swift in Sources */,
				987EDAD72A60ECED0062D966 /* POST_View.swift in Sources */,
				987EDAD32A60EA920062D966 /* TitleList_View.swift in Sources */,
				987EDAE52A690FF20062D966 /* Title_List_ObservalObject.swift in Sources */,
				98967ABB2A60434A00028F54 /* Realm.swift in Sources */,
				987EDAC72A60E5270062D966 /* Server_POST.swift in Sources */,
			);
			runOnlyForDeploymentPostprocessing = 0;
		};
		98DBA9C62A445DB100BE72E6 /* Sources */ = {
			isa = PBXSourcesBuildPhase;
			buildActionMask = 2147483647;
			files = (
				98DBA9CF2A445DB100BE72E6 /* api_practiceTests.swift in Sources */,
				987EDAE62A690FF20062D966 /* Title_List_ObservalObject.swift in Sources */,
			);
			runOnlyForDeploymentPostprocessing = 0;
		};
		98DBA9D02A445DB100BE72E6 /* Sources */ = {
			isa = PBXSourcesBuildPhase;
			buildActionMask = 2147483647;
			files = (
				98DBA9DB2A445DB100BE72E6 /* api_practiceUITestsLaunchTests.swift in Sources */,
				98DBA9D92A445DB100BE72E6 /* api_practiceUITests.swift in Sources */,
			);
			runOnlyForDeploymentPostprocessing = 0;
		};
/* End PBXSourcesBuildPhase section */

/* Begin PBXTargetDependency section */
		98DBA9CC2A445DB100BE72E6 /* PBXTargetDependency */ = {
			isa = PBXTargetDependency;
			target = 98DBA9B92A445DAE00BE72E6 /* api_practice */;
			targetProxy = 98DBA9CB2A445DB100BE72E6 /* PBXContainerItemProxy */;
		};
		98DBA9D62A445DB100BE72E6 /* PBXTargetDependency */ = {
			isa = PBXTargetDependency;
			target = 98DBA9B92A445DAE00BE72E6 /* api_practice */;
			targetProxy = 98DBA9D52A445DB100BE72E6 /* PBXContainerItemProxy */;
		};
/* End PBXTargetDependency section */

/* Begin XCBuildConfiguration section */
		98DBA9DC2A445DB100BE72E6 /* Debug */ = {
			isa = XCBuildConfiguration;
			buildSettings = {
				ALWAYS_SEARCH_USER_PATHS = NO;
				CLANG_ANALYZER_NONNULL = YES;
				CLANG_ANALYZER_NUMBER_OBJECT_CONVERSION = YES_AGGRESSIVE;
				CLANG_CXX_LANGUAGE_STANDARD = "gnu++20";
				CLANG_ENABLE_MODULES = YES;
				CLANG_ENABLE_OBJC_ARC = YES;
				CLANG_ENABLE_OBJC_WEAK = YES;
				CLANG_WARN_BLOCK_CAPTURE_AUTORELEASING = YES;
				CLANG_WARN_BOOL_CONVERSION = YES;
				CLANG_WARN_COMMA = YES;
				CLANG_WARN_CONSTANT_CONVERSION = YES;
				CLANG_WARN_DEPRECATED_OBJC_IMPLEMENTATIONS = YES;
				CLANG_WARN_DIRECT_OBJC_ISA_USAGE = YES_ERROR;
				CLANG_WARN_DOCUMENTATION_COMMENTS = YES;
				CLANG_WARN_EMPTY_BODY = YES;
				CLANG_WARN_ENUM_CONVERSION = YES;
				CLANG_WARN_INFINITE_RECURSION = YES;
				CLANG_WARN_INT_CONVERSION = YES;
				CLANG_WARN_NON_LITERAL_NULL_CONVERSION = YES;
				CLANG_WARN_OBJC_IMPLICIT_RETAIN_SELF = YES;
				CLANG_WARN_OBJC_LITERAL_CONVERSION = YES;
				CLANG_WARN_OBJC_ROOT_CLASS = YES_ERROR;
				CLANG_WARN_QUOTED_INCLUDE_IN_FRAMEWORK_HEADER = YES;
				CLANG_WARN_RANGE_LOOP_ANALYSIS = YES;
				CLANG_WARN_STRICT_PROTOTYPES = YES;
				CLANG_WARN_SUSPICIOUS_MOVE = YES;
				CLANG_WARN_UNGUARDED_AVAILABILITY = YES_AGGRESSIVE;
				CLANG_WARN_UNREACHABLE_CODE = YES;
				CLANG_WARN__DUPLICATE_METHOD_MATCH = YES;
				COPY_PHASE_STRIP = NO;
				DEBUG_INFORMATION_FORMAT = dwarf;
				ENABLE_STRICT_OBJC_MSGSEND = YES;
				ENABLE_TESTABILITY = YES;
				GCC_C_LANGUAGE_STANDARD = gnu11;
				GCC_DYNAMIC_NO_PIC = NO;
				GCC_NO_COMMON_BLOCKS = YES;
				GCC_OPTIMIZATION_LEVEL = 0;
				GCC_PREPROCESSOR_DEFINITIONS = (
					"DEBUG=1",
					"$(inherited)",
				);
				GCC_WARN_64_TO_32_BIT_CONVERSION = YES;
				GCC_WARN_ABOUT_RETURN_TYPE = YES_ERROR;
				GCC_WARN_UNDECLARED_SELECTOR = YES;
				GCC_WARN_UNINITIALIZED_AUTOS = YES_AGGRESSIVE;
				GCC_WARN_UNUSED_FUNCTION = YES;
				GCC_WARN_UNUSED_VARIABLE = YES;
				IPHONEOS_DEPLOYMENT_TARGET = 16.4;
				MTL_ENABLE_DEBUG_INFO = INCLUDE_SOURCE;
				MTL_FAST_MATH = YES;
				ONLY_ACTIVE_ARCH = YES;
				SDKROOT = iphoneos;
				SWIFT_ACTIVE_COMPILATION_CONDITIONS = DEBUG;
				SWIFT_OPTIMIZATION_LEVEL = "-Onone";
			};
			name = Debug;
		};
		98DBA9DD2A445DB100BE72E6 /* Release */ = {
			isa = XCBuildConfiguration;
			buildSettings = {
				ALWAYS_SEARCH_USER_PATHS = NO;
				CLANG_ANALYZER_NONNULL = YES;
				CLANG_ANALYZER_NUMBER_OBJECT_CONVERSION = YES_AGGRESSIVE;
				CLANG_CXX_LANGUAGE_STANDARD = "gnu++20";
				CLANG_ENABLE_MODULES = YES;
				CLANG_ENABLE_OBJC_ARC = YES;
				CLANG_ENABLE_OBJC_WEAK = YES;
				CLANG_WARN_BLOCK_CAPTURE_AUTORELEASING = YES;
				CLANG_WARN_BOOL_CONVERSION = YES;
				CLANG_WARN_COMMA = YES;
				CLANG_WARN_CONSTANT_CONVERSION = YES;
				CLANG_WARN_DEPRECATED_OBJC_IMPLEMENTATIONS = YES;
				CLANG_WARN_DIRECT_OBJC_ISA_USAGE = YES_ERROR;
				CLANG_WARN_DOCUMENTATION_COMMENTS = YES;
				CLANG_WARN_EMPTY_BODY = YES;
				CLANG_WARN_ENUM_CONVERSION = YES;
				CLANG_WARN_INFINITE_RECURSION = YES;
				CLANG_WARN_INT_CONVERSION = YES;
				CLANG_WARN_NON_LITERAL_NULL_CONVERSION = YES;
				CLANG_WARN_OBJC_IMPLICIT_RETAIN_SELF = YES;
				CLANG_WARN_OBJC_LITERAL_CONVERSION = YES;
				CLANG_WARN_OBJC_ROOT_CLASS = YES_ERROR;
				CLANG_WARN_QUOTED_INCLUDE_IN_FRAMEWORK_HEADER = YES;
				CLANG_WARN_RANGE_LOOP_ANALYSIS = YES;
				CLANG_WARN_STRICT_PROTOTYPES = YES;
				CLANG_WARN_SUSPICIOUS_MOVE = YES;
				CLANG_WARN_UNGUARDED_AVAILABILITY = YES_AGGRESSIVE;
				CLANG_WARN_UNREACHABLE_CODE = YES;
				CLANG_WARN__DUPLICATE_METHOD_MATCH = YES;
				COPY_PHASE_STRIP = NO;
				DEBUG_INFORMATION_FORMAT = "dwarf-with-dsym";
				ENABLE_NS_ASSERTIONS = NO;
				ENABLE_STRICT_OBJC_MSGSEND = YES;
				GCC_C_LANGUAGE_STANDARD = gnu11;
				GCC_NO_COMMON_BLOCKS = YES;
				GCC_WARN_64_TO_32_BIT_CONVERSION = YES;
				GCC_WARN_ABOUT_RETURN_TYPE = YES_ERROR;
				GCC_WARN_UNDECLARED_SELECTOR = YES;
				GCC_WARN_UNINITIALIZED_AUTOS = YES_AGGRESSIVE;
				GCC_WARN_UNUSED_FUNCTION = YES;
				GCC_WARN_UNUSED_VARIABLE = YES;
				IPHONEOS_DEPLOYMENT_TARGET = 16.4;
				MTL_ENABLE_DEBUG_INFO = NO;
				MTL_FAST_MATH = YES;
				SDKROOT = iphoneos;
				SWIFT_COMPILATION_MODE = wholemodule;
				SWIFT_OPTIMIZATION_LEVEL = "-O";
				VALIDATE_PRODUCT = YES;
			};
			name = Release;
		};
		98DBA9DF2A445DB100BE72E6 /* Debug */ = {
			isa = XCBuildConfiguration;
			baseConfigurationReference = 381A0D5FF15F1CFE14D91209 /* Pods-api_practice.debug.xcconfig */;
			buildSettings = {
				ASSETCATALOG_COMPILER_APPICON_NAME = AppIcon;
				ASSETCATALOG_COMPILER_GLOBAL_ACCENT_COLOR_NAME = AccentColor;
				CODE_SIGN_STYLE = Automatic;
				CURRENT_PROJECT_VERSION = 1;
				DEVELOPMENT_ASSET_PATHS = "\"api_practice/Preview Content\"";
				ENABLE_PREVIEWS = YES;
				GENERATE_INFOPLIST_FILE = YES;
				INFOPLIST_KEY_UIApplicationSceneManifest_Generation = YES;
				INFOPLIST_KEY_UIApplicationSupportsIndirectInputEvents = YES;
				INFOPLIST_KEY_UILaunchScreen_Generation = YES;
				INFOPLIST_KEY_UISupportedInterfaceOrientations_iPad = "UIInterfaceOrientationPortrait UIInterfaceOrientationPortraitUpsideDown UIInterfaceOrientationLandscapeLeft UIInterfaceOrientationLandscapeRight";
				INFOPLIST_KEY_UISupportedInterfaceOrientations_iPhone = "UIInterfaceOrientationPortrait UIInterfaceOrientationLandscapeLeft UIInterfaceOrientationLandscapeRight";
				LD_RUNPATH_SEARCH_PATHS = (
					"$(inherited)",
					"@executable_path/Frameworks",
				);
				MARKETING_VERSION = 1.0;
				PRODUCT_BUNDLE_IDENTIFIER = "com.yamane.api-practice";
				PRODUCT_NAME = "$(TARGET_NAME)";
				SWIFT_EMIT_LOC_STRINGS = YES;
				SWIFT_VERSION = 5.0;
				TARGETED_DEVICE_FAMILY = "1,2";
			};
			name = Debug;
		};
		98DBA9E02A445DB100BE72E6 /* Release */ = {
			isa = XCBuildConfiguration;
			baseConfigurationReference = 0E7C2E20AEAFF520EEDFAA80 /* Pods-api_practice.release.xcconfig */;
			buildSettings = {
				ASSETCATALOG_COMPILER_APPICON_NAME = AppIcon;
				ASSETCATALOG_COMPILER_GLOBAL_ACCENT_COLOR_NAME = AccentColor;
				CODE_SIGN_STYLE = Automatic;
				CURRENT_PROJECT_VERSION = 1;
				DEVELOPMENT_ASSET_PATHS = "\"api_practice/Preview Content\"";
				ENABLE_PREVIEWS = YES;
				GENERATE_INFOPLIST_FILE = YES;
				INFOPLIST_KEY_UIApplicationSceneManifest_Generation = YES;
				INFOPLIST_KEY_UIApplicationSupportsIndirectInputEvents = YES;
				INFOPLIST_KEY_UILaunchScreen_Generation = YES;
				INFOPLIST_KEY_UISupportedInterfaceOrientations_iPad = "UIInterfaceOrientationPortrait UIInterfaceOrientationPortraitUpsideDown UIInterfaceOrientationLandscapeLeft UIInterfaceOrientationLandscapeRight";
				INFOPLIST_KEY_UISupportedInterfaceOrientations_iPhone = "UIInterfaceOrientationPortrait UIInterfaceOrientationLandscapeLeft UIInterfaceOrientationLandscapeRight";
				LD_RUNPATH_SEARCH_PATHS = (
					"$(inherited)",
					"@executable_path/Frameworks",
				);
				MARKETING_VERSION = 1.0;
				PRODUCT_BUNDLE_IDENTIFIER = "com.yamane.api-practice";
				PRODUCT_NAME = "$(TARGET_NAME)";
				SWIFT_EMIT_LOC_STRINGS = YES;
				SWIFT_VERSION = 5.0;
				TARGETED_DEVICE_FAMILY = "1,2";
			};
			name = Release;
		};
		98DBA9E22A445DB100BE72E6 /* Debug */ = {
			isa = XCBuildConfiguration;
			baseConfigurationReference = C5D0D2B2140AE3B694694104 /* Pods-api_practiceTests.debug.xcconfig */;
			buildSettings = {
				ALWAYS_EMBED_SWIFT_STANDARD_LIBRARIES = YES;
				BUNDLE_LOADER = "$(TEST_HOST)";
				CODE_SIGN_STYLE = Automatic;
				CURRENT_PROJECT_VERSION = 1;
				GENERATE_INFOPLIST_FILE = YES;
				IPHONEOS_DEPLOYMENT_TARGET = 16.4;
				MARKETING_VERSION = 1.0;
				PRODUCT_BUNDLE_IDENTIFIER = "com.yamane.api-practiceTests";
				PRODUCT_NAME = "$(TARGET_NAME)";
				SWIFT_EMIT_LOC_STRINGS = NO;
				SWIFT_VERSION = 5.0;
				TARGETED_DEVICE_FAMILY = "1,2";
				TEST_HOST = "$(BUILT_PRODUCTS_DIR)/api_practice.app/$(BUNDLE_EXECUTABLE_FOLDER_PATH)/api_practice";
			};
			name = Debug;
		};
		98DBA9E32A445DB100BE72E6 /* Release */ = {
			isa = XCBuildConfiguration;
			baseConfigurationReference = 77535CA115F436C3C84DFDA5 /* Pods-api_practiceTests.release.xcconfig */;
			buildSettings = {
				ALWAYS_EMBED_SWIFT_STANDARD_LIBRARIES = YES;
				BUNDLE_LOADER = "$(TEST_HOST)";
				CODE_SIGN_STYLE = Automatic;
				CURRENT_PROJECT_VERSION = 1;
				GENERATE_INFOPLIST_FILE = YES;
				IPHONEOS_DEPLOYMENT_TARGET = 16.4;
				MARKETING_VERSION = 1.0;
				PRODUCT_BUNDLE_IDENTIFIER = "com.yamane.api-practiceTests";
				PRODUCT_NAME = "$(TARGET_NAME)";
				SWIFT_EMIT_LOC_STRINGS = NO;
				SWIFT_VERSION = 5.0;
				TARGETED_DEVICE_FAMILY = "1,2";
				TEST_HOST = "$(BUILT_PRODUCTS_DIR)/api_practice.app/$(BUNDLE_EXECUTABLE_FOLDER_PATH)/api_practice";
			};
			name = Release;
		};
		98DBA9E52A445DB100BE72E6 /* Debug */ = {
			isa = XCBuildConfiguration;
			baseConfigurationReference = 33C7BD22AF3F1452555666E3 /* Pods-api_practice-api_practiceUITests.debug.xcconfig */;
			buildSettings = {
				ALWAYS_EMBED_SWIFT_STANDARD_LIBRARIES = YES;
				CODE_SIGN_STYLE = Automatic;
				CURRENT_PROJECT_VERSION = 1;
				GENERATE_INFOPLIST_FILE = YES;
				MARKETING_VERSION = 1.0;
				PRODUCT_BUNDLE_IDENTIFIER = "com.yamane.api-practiceUITests";
				PRODUCT_NAME = "$(TARGET_NAME)";
				SWIFT_EMIT_LOC_STRINGS = NO;
				SWIFT_VERSION = 5.0;
				TARGETED_DEVICE_FAMILY = "1,2";
				TEST_TARGET_NAME = api_practice;
			};
			name = Debug;
		};
		98DBA9E62A445DB100BE72E6 /* Release */ = {
			isa = XCBuildConfiguration;
			baseConfigurationReference = C68F933863FFE3FF9A16519B /* Pods-api_practice-api_practiceUITests.release.xcconfig */;
			buildSettings = {
				ALWAYS_EMBED_SWIFT_STANDARD_LIBRARIES = YES;
				CODE_SIGN_STYLE = Automatic;
				CURRENT_PROJECT_VERSION = 1;
				GENERATE_INFOPLIST_FILE = YES;
				MARKETING_VERSION = 1.0;
				PRODUCT_BUNDLE_IDENTIFIER = "com.yamane.api-practiceUITests";
				PRODUCT_NAME = "$(TARGET_NAME)";
				SWIFT_EMIT_LOC_STRINGS = NO;
				SWIFT_VERSION = 5.0;
				TARGETED_DEVICE_FAMILY = "1,2";
				TEST_TARGET_NAME = api_practice;
			};
			name = Release;
		};
/* End XCBuildConfiguration section */

/* Begin XCConfigurationList section */
		98DBA9B52A445DAE00BE72E6 /* Build configuration list for PBXProject "api_practice" */ = {
			isa = XCConfigurationList;
			buildConfigurations = (
				98DBA9DC2A445DB100BE72E6 /* Debug */,
				98DBA9DD2A445DB100BE72E6 /* Release */,
			);
			defaultConfigurationIsVisible = 0;
			defaultConfigurationName = Release;
		};
		98DBA9DE2A445DB100BE72E6 /* Build configuration list for PBXNativeTarget "api_practice" */ = {
			isa = XCConfigurationList;
			buildConfigurations = (
				98DBA9DF2A445DB100BE72E6 /* Debug */,
				98DBA9E02A445DB100BE72E6 /* Release */,
			);
			defaultConfigurationIsVisible = 0;
			defaultConfigurationName = Release;
		};
		98DBA9E12A445DB100BE72E6 /* Build configuration list for PBXNativeTarget "api_practiceTests" */ = {
			isa = XCConfigurationList;
			buildConfigurations = (
				98DBA9E22A445DB100BE72E6 /* Debug */,
				98DBA9E32A445DB100BE72E6 /* Release */,
			);
			defaultConfigurationIsVisible = 0;
			defaultConfigurationName = Release;
		};
		98DBA9E42A445DB100BE72E6 /* Build configuration list for PBXNativeTarget "api_practiceUITests" */ = {
			isa = XCConfigurationList;
			buildConfigurations = (
				98DBA9E52A445DB100BE72E6 /* Debug */,
				98DBA9E62A445DB100BE72E6 /* Release */,
			);
			defaultConfigurationIsVisible = 0;
			defaultConfigurationName = Release;
		};
/* End XCConfigurationList section */
	};
	rootObject = 98DBA9B22A445DAE00BE72E6 /* Project object */;
}
